# This file is automatically @generated by Cargo.
# It is not intended for manual editing.
version = 3

[[package]]
name = "prusti-contracts"
version = "0.1.2"
source = "registry+https://github.com/rust-lang/crates.io-index"
checksum = "2176455bb39f9d5624a6cab7fcdd2fc01cae31bb375e32c771e12147500ad475"
dependencies = [
 "prusti-contracts-proc-macros",
]

[[package]]
name = "prusti-contracts-proc-macros"
version = "0.1.2"
source = "registry+https://github.com/rust-lang/crates.io-index"
checksum = "76696edede87b1c7de1b6e56c3d3e68cd9c3924b7375c6c79d15aa08685cf2fc"

[[package]]
name = "trusted_linked_list"
version = "0.1.0"
dependencies = [
 "prusti-contracts",
]
